
Microsoft Visual Studio Solution File, Format Version 12.00
# Visual Studio Version 17
VisualStudioVersion = 17.13.35818.85 d17.13
MinimumVisualStudioVersion = 10.0.40219.1
Project("{FAE04EC0-301F-11D3-BF4B-00C04F79EFBC}") = "QLBanDoDienTu", "QLBanDoDienTu\QLBanDoDienTu.csproj", "{36944622-63A5-4998-B6D3-5DF60C900779}"
EndProject
Global
	GlobalSection(SolutionConfigurationPlatforms) = preSolution
		Debug|Any CPU = Debug|Any CPU
		Release|Any CPU = Release|Any CPU
	EndGlobalSection
	GlobalSection(ProjectConfigurationPlatforms) = postSolution
		{36944622-63A5-4998-B6D3-5DF60C900779}.Debug|Any CPU.ActiveCfg = Debug|Any CPU
		{36944622-63A5-4998-B6D3-5DF60C900779}.Debug|Any CPU.Build.0 = Debug|Any CPU
		{36944622-63A5-4998-B6D3-5DF60C900779}.Release|Any CPU.ActiveCfg = Release|Any CPU
		{36944622-63A5-4998-B6D3-5DF60C900779}.Release|Any CPU.Build.0 = Release|Any CPU
	EndGlobalSection
	GlobalSection(SolutionProperties) = preSolution
		HideSolutionNode = FALSE
	EndGlobalSection
	GlobalSection(ExtensibilityGlobals) = postSolution
		SolutionGuid = {FC5E465D-DB79-4E53-B914-F4C472E47F2E}
	EndGlobalSection
EndGlobal
